# This file was autogenerated by Stack.
# You should not edit this file by hand.
# For more information, please see the documentation at:
#   https://docs.haskellstack.org/en/stable/lock_files

packages:
- completed:
    hackage: gf-3.10@sha256:2f7b1a235165a14e3df21d0199e12372fa1c9d0c621e37a1b41b1d788a24f4bc,8470
    pantry-tree:
      size: 64924
      sha256: cd4a378f17e1ee93b79503ee0a0e49575be5b37d0089d51eb682dad6d575c278
  original:
    hackage: gf-3.10
- completed:
    hackage: cgi-3001.3.0.3@sha256:8a044f6ffa419d51f5baa3cc1d86d0637c2d7942c32e9dfe9a53a6deebb8fe19,2073
    pantry-tree:
      size: 667
      sha256: 5cadfeef593ab10a8252b658a566b80bff89e88eab8bf8d170763c67cb030f66
  original:
    hackage: cgi-3001.3.0.3
snapshots:
- completed:
    size: 509471
    url: https://raw.githubusercontent.com/commercialhaskell/stackage-snapshots/master/lts/12/26.yaml
    sha256: 95f014df58d0679b1c4a2b7bf2b652b61da8d30de5f571abb0d59015ef678646
  original: lts-12.26
